// !$*UTF8*$!
{
	archiveVersion = 1;
	classes = {
	};
	objectVersion = 77;
	objects = {

/* Begin PBXContainerItemProxy section */
		392FD8CA2DCFEFBD006E8F66 /* PBXContainerItemProxy */ = {
			isa = PBXContainerItemProxy;
			containerPortal = 392FD8B12DCFEFBC006E8F66 /* Project object */;
			proxyType = 1;
			remoteGlobalIDString = 392FD8B82DCFEFBC006E8F66;
			remoteInfo = PhotoClean;
		};
		392FD8D42DCFEFBD006E8F66 /* PBXContainerItemProxy */ = {
			isa = PBXContainerItemProxy;
			containerPortal = 392FD8B12DCFEFBC006E8F66 /* Project object */;
			proxyType = 1;
			remoteGlobalIDString = 392FD8B82DCFEFBC006E8F66;
			remoteInfo = PhotoClean;
		};
/* End PBXContainerItemProxy section */

/* Begin PBXFileReference section */
		392FD8B92DCFEFBC006E8F66 /* PhotoClean.app */ = {isa = PBXFileReference; explicitFileType = wrapper.application; includeInIndex = 0; path = PhotoClean.app; sourceTree = BUILT_PRODUCTS_DIR; };
		392FD8C92DCFEFBD006E8F66 /* PhotoCleanTests.xctest */ = {isa = PBXFileReference; explicitFileType = wrapper.cfbundle; includeInIndex = 0; path = PhotoCleanTests.xctest; sourceTree = BUILT_PRODUCTS_DIR; };
		392FD8D32DCFEFBD006E8F66 /* PhotoCleanUITests.xctest */ = {isa = PBXFileReference; explicitFileType = wrapper.cfbundle; includeInIndex = 0; path = PhotoCleanUITests.xctest; sourceTree = BUILT_PRODUCTS_DIR; };
/* End PBXFileReference section */

/* Begin PBXFileSystemSynchronizedBuildFileExceptionSet section */
		390586242DEB394B0009F986 /* Exceptions for "PhotoClean" folder in "PhotoClean" target */ = {
			isa = PBXFileSystemSynchronizedBuildFileExceptionSet;
			membershipExceptions = (
				Info.plist,
			);
			target = 392FD8B82DCFEFBC006E8F66 /* PhotoClean */;
		};
/* End PBXFileSystemSynchronizedBuildFileExceptionSet section */

/* Begin PBXFileSystemSynchronizedRootGroup section */
		3905861D2DEB394B0009F986 /* PhotoClean */ = {
			isa = PBXFileSystemSynchronizedRootGroup;
			exceptions = (
				390586242DEB394B0009F986 /* Exceptions for "PhotoClean" folder in "PhotoClean" target */,
			);
			path = PhotoClean;
			sourceTree = "<group>";
		};
		392FD8CC2DCFEFBD006E8F66 /* PhotoCleanTests */ = {
			isa = PBXFileSystemSynchronizedRootGroup;
			path = PhotoCleanTests;
			sourceTree = "<group>";
		};
		392FD8D62DCFEFBD006E8F66 /* PhotoCleanUITests */ = {
			isa = PBXFileSystemSynchronizedRootGroup;
			path = PhotoCleanUITests;
			sourceTree = "<group>";
		};
/* End PBXFileSystemSynchronizedRootGroup section */

/* Begin PBXFrameworksBuildPhase section */
		392FD8B62DCFEFBC006E8F66 /* Frameworks */ = {
			isa = PBXFrameworksBuildPhase;
			buildActionMask = 2147483647;
			files = (
			);
			runOnlyForDeploymentPostprocessing = 0;
		};
		392FD8C62DCFEFBD006E8F66 /* Frameworks */ = {
			isa = PBXFrameworksBuildPhase;
			buildActionMask = 2147483647;
			files = (
			);
			runOnlyForDeploymentPostprocessing = 0;
		};
		392FD8D02DCFEFBD006E8F66 /* Frameworks */ = {
			isa = PBXFrameworksBuildPhase;
			buildActionMask = 2147483647;
			files = (
			);
			runOnlyForDeploymentPostprocessing = 0;
		};
/* End PBXFrameworksBuildPhase section */

/* Begin PBXGroup section */
		392FD8B02DCFEFBC006E8F66 = {
			isa = PBXGroup;
			children = (
				3905861D2DEB394B0009F986 /* PhotoClean */,
				392FD8CC2DCFEFBD006E8F66 /* PhotoCleanTests */,
				392FD8D62DCFEFBD006E8F66 /* PhotoCleanUITests */,
				392FD8BA2DCFEFBC006E8F66 /* Products */,
			);
			sourceTree = "<group>";
		};
		392FD8BA2DCFEFBC006E8F66 /* Products */ = {
			isa = PBXGroup;
			children = (
				392FD8B92DCFEFBC006E8F66 /* PhotoClean.app */,
				392FD8C92DCFEFBD006E8F66 /* PhotoCleanTests.xctest */,
				392FD8D32DCFEFBD006E8F66 /* PhotoCleanUITests.xctest */,
			);
			name = Products;
			sourceTree = "<group>";
		};
/* End PBXGroup section */

/* Begin PBXNativeTarget section */
		392FD8B82DCFEFBC006E8F66 /* PhotoClean */ = {
			isa = PBXNativeTarget;
			buildConfigurationList = 392FD8DD2DCFEFBD006E8F66 /* Build configuration list for PBXNativeTarget "PhotoClean" */;
			buildPhases = (
				392FD8B52DCFEFBC006E8F66 /* Sources */,
				392FD8B62DCFEFBC006E8F66 /* Frameworks */,
				392FD8B72DCFEFBC006E8F66 /* Resources */,
			);
			buildRules = (
			);
			dependencies = (
			);
			fileSystemSynchronizedGroups = (
				3905861D2DEB394B0009F986 /* PhotoClean */,
			);
			name = PhotoClean;
			packageProductDependencies = (
			);
			productName = PhotoClean;
			productReference = 392FD8B92DCFEFBC006E8F66 /* PhotoClean.app */;
			productType = "com.apple.product-type.application";
		};
		392FD8C82DCFEFBD006E8F66 /* PhotoCleanTests */ = {
			isa = PBXNativeTarget;
			buildConfigurationList = 392FD8E02DCFEFBD006E8F66 /* Build configuration list for PBXNativeTarget "PhotoCleanTests" */;
			buildPhases = (
				392FD8C52DCFEFBD006E8F66 /* Sources */,
				392FD8C62DCFEFBD006E8F66 /* Frameworks */,
				392FD8C72DCFEFBD006E8F66 /* Resources */,
			);
			buildRules = (
			);
			dependencies = (
				392FD8CB2DCFEFBD006E8F66 /* PBXTargetDependency */,
			);
			fileSystemSynchronizedGroups = (
				392FD8CC2DCFEFBD006E8F66 /* PhotoCleanTests */,
			);
			name = PhotoCleanTests;
			packageProductDependencies = (
			);
			productName = PhotoCleanTests;
			productReference = 392FD8C92DCFEFBD006E8F66 /* PhotoCleanTests.xctest */;
			productType = "com.apple.product-type.bundle.unit-test";
		};
		392FD8D22DCFEFBD006E8F66 /* PhotoCleanUITests */ = {
			isa = PBXNativeTarget;
			buildConfigurationList = 392FD8E32DCFEFBD006E8F66 /* Build configuration list for PBXNativeTarget "PhotoCleanUITests" */;
			buildPhases = (
				392FD8CF2DCFEFBD006E8F66 /* Sources */,
				392FD8D02DCFEFBD006E8F66 /* Frameworks */,
				392FD8D12DCFEFBD006E8F66 /* Resources */,
			);
			buildRules = (
			);
			dependencies = (
				392FD8D52DCFEFBD006E8F66 /* PBXTargetDependency */,
			);
			fileSystemSynchronizedGroups = (
				392FD8D62DCFEFBD006E8F66 /* PhotoCleanUITests */,
			);
			name = PhotoCleanUITests;
			packageProductDependencies = (
			);
			productName = PhotoCleanUITests;
			productReference = 392FD8D32DCFEFBD006E8F66 /* PhotoCleanUITests.xctest */;
			productType = "com.apple.product-type.bundle.ui-testing";
		};
/* End PBXNativeTarget section */

/* Begin PBXProject section */
		392FD8B12DCFEFBC006E8F66 /* Project object */ = {
			isa = PBXProject;
			attributes = {
				BuildIndependentTargetsInParallel = 1;
				LastSwiftUpdateCheck = 1620;
				LastUpgradeCheck = 1620;
				TargetAttributes = {
					392FD8B82DCFEFBC006E8F66 = {
						CreatedOnToolsVersion = 16.2;
					};
					392FD8C82DCFEFBD006E8F66 = {
						CreatedOnToolsVersion = 16.2;
						TestTargetID = 392FD8B82DCFEFBC006E8F66;
					};
					392FD8D22DCFEFBD006E8F66 = {
						CreatedOnToolsVersion = 16.2;
						TestTargetID = 392FD8B82DCFEFBC006E8F66;
					};
				};
			};
			buildConfigurationList = 392FD8B42DCFEFBC006E8F66 /* Build configuration list for PBXProject "PhotoClean" */;
			developmentRegion = en;
			hasScannedForEncodings = 0;
			knownRegions = (
				en,
				Base,
			);
			mainGroup = 392FD8B02DCFEFBC006E8F66;
			minimizedProjectReferenceProxies = 1;
			preferredProjectObjectVersion = 77;
			productRefGroup = 392FD8BA2DCFEFBC006E8F66 /* Products */;
			projectDirPath = "";
			projectRoot = "";
			targets = (
				392FD8B82DCFEFBC006E8F66 /* PhotoClean */,
				392FD8C82DCFEFBD006E8F66 /* PhotoCleanTests */,
				392FD8D22DCFEFBD006E8F66 /* PhotoCleanUITests */,
			);
		};
/* End PBXProject section */

/* Begin PBXResourcesBuildPhase section */
		392FD8B72DCFEFBC006E8F66 /* Resources */ = {
			isa = PBXResourcesBuildPhase;
			buildActionMask = 2147483647;
			files = (
			);
			runOnlyForDeploymentPostprocessing = 0;
		};
		392FD8C72DCFEFBD006E8F66 /* Resources */ = {
			isa = PBXResourcesBuildPhase;
			buildActionMask = 2147483647;
			files = (
			);
			runOnlyForDeploymentPostprocessing = 0;
		};
		392FD8D12DCFEFBD006E8F66 /* Resources */ = {
			isa = PBXResourcesBuildPhase;
			buildActionMask = 2147483647;
			files = (
			);
			runOnlyForDeploymentPostprocessing = 0;
		};
/* End PBXResourcesBuildPhase section */

/* Begin PBXSourcesBuildPhase section */
		392FD8B52DCFEFBC006E8F66 /* Sources */ = {
			isa = PBXSourcesBuildPhase;
			buildActionMask = 2147483647;
			files = (
			);
			runOnlyForDeploymentPostprocessing = 0;
		};
		392FD8C52DCFEFBD006E8F66 /* Sources */ = {
			isa = PBXSourcesBuildPhase;
			buildActionMask = 2147483647;
			files = (
			);
			runOnlyForDeploymentPostprocessing = 0;
		};
		392FD8CF2DCFEFBD006E8F66 /* Sources */ = {
			isa = PBXSourcesBuildPhase;
			buildActionMask = 2147483647;
			files = (
			);
			runOnlyForDeploymentPostprocessing = 0;
		};
/* End PBXSourcesBuildPhase section */

/* Begin PBXTargetDependency section */
		392FD8CB2DCFEFBD006E8F66 /* PBXTargetDependency */ = {
			isa = PBXTargetDependency;
			target = 392FD8B82DCFEFBC006E8F66 /* PhotoClean */;
			targetProxy = 392FD8CA2DCFEFBD006E8F66 /* PBXContainerItemProxy */;
		};
		392FD8D52DCFEFBD006E8F66 /* PBXTargetDependency */ = {
			isa = PBXTargetDependency;
			target = 392FD8B82DCFEFBC006E8F66 /* PhotoClean */;
			targetProxy = 392FD8D42DCFEFBD006E8F66 /* PBXContainerItemProxy */;
		};
/* End PBXTargetDependency section */

/* Begin XCBuildConfiguration section */
		392FD8DB2DCFEFBD006E8F66 /* Debug */ = {
			isa = XCBuildConfiguration;
			buildSettings = {
				ALWAYS_SEARCH_USER_PATHS = NO;
				ASSETCATALOG_COMPILER_GENERATE_SWIFT_ASSET_SYMBOL_EXTENSIONS = YES;
				CLANG_ANALYZER_NONNULL = YES;
				CLANG_ANALYZER_NUMBER_OBJECT_CONVERSION = YES_AGGRESSIVE;
				CLANG_CXX_LANGUAGE_STANDARD = "gnu++20";
				CLANG_ENABLE_MODULES = YES;
				CLANG_ENABLE_OBJC_ARC = YES;
				CLANG_ENABLE_OBJC_WEAK = YES;
				CLANG_WARN_BLOCK_CAPTURE_AUTORELEASING = YES;
				CLANG_WARN_BOOL_CONVERSION = YES;
				CLANG_WARN_COMMA = YES;
				CLANG_WARN_CONSTANT_CONVERSION = YES;
				CLANG_WARN_DEPRECATED_OBJC_IMPLEMENTATIONS = YES;
				CLANG_WARN_DIRECT_OBJC_ISA_USAGE = YES_ERROR;
				CLANG_WARN_DOCUMENTATION_COMMENTS = YES;
				CLANG_WARN_EMPTY_BODY = YES;
				CLANG_WARN_ENUM_CONVERSION = YES;
				CLANG_WARN_INFINITE_RECURSION = YES;
				CLANG_WARN_INT_CONVERSION = YES;
				CLANG_WARN_NON_LITERAL_NULL_CONVERSION = YES;
				CLANG_WARN_OBJC_IMPLICIT_RETAIN_SELF = YES;
				CLANG_WARN_OBJC_LITERAL_CONVERSION = YES;
				CLANG_WARN_OBJC_ROOT_CLASS = YES_ERROR;
				CLANG_WARN_QUOTED_INCLUDE_IN_FRAMEWORK_HEADER = YES;
				CLANG_WARN_RANGE_LOOP_ANALYSIS = YES;
				CLANG_WARN_STRICT_PROTOTYPES = YES;
				CLANG_WARN_SUSPICIOUS_MOVE = YES;
				CLANG_WARN_UNGUARDED_AVAILABILITY = YES_AGGRESSIVE;
				CLANG_WARN_UNREACHABLE_CODE = YES;
				CLANG_WARN__DUPLICATE_METHOD_MATCH = YES;
				COPY_PHASE_STRIP = NO;
				DEBUG_INFORMATION_FORMAT = dwarf;
				ENABLE_STRICT_OBJC_MSGSEND = YES;
				ENABLE_TESTABILITY = YES;
				ENABLE_USER_SCRIPT_SANDBOXING = YES;
				GCC_C_LANGUAGE_STANDARD = gnu17;
				GCC_DYNAMIC_NO_PIC = NO;
				GCC_NO_COMMON_BLOCKS = YES;
				GCC_OPTIMIZATION_LEVEL = 0;
				GCC_PREPROCESSOR_DEFINITIONS = (
					"DEBUG=1",
					"$(inherited)",
				);
				GCC_WARN_64_TO_32_BIT_CONVERSION = YES;
				GCC_WARN_ABOUT_RETURN_TYPE = YES_ERROR;
				GCC_WARN_UNDECLARED_SELECTOR = YES;
				GCC_WARN_UNINITIALIZED_AUTOS = YES_AGGRESSIVE;
				GCC_WARN_UNUSED_FUNCTION = YES;
				GCC_WARN_UNUSED_VARIABLE = YES;
				IPHONEOS_DEPLOYMENT_TARGET = 18.2;
				LOCALIZATION_PREFERS_STRING_CATALOGS = YES;
				MTL_ENABLE_DEBUG_INFO = INCLUDE_SOURCE;
				MTL_FAST_MATH = YES;
				ONLY_ACTIVE_ARCH = YES;
				SDKROOT = iphoneos;
				SWIFT_ACTIVE_COMPILATION_CONDITIONS = "DEBUG $(inherited)";
				SWIFT_OPTIMIZATION_LEVEL = "-Onone";
			};
			name = Debug;
		};
		392FD8DC2DCFEFBD006E8F66 /* Release */ = {
			isa = XCBuildConfiguration;
			buildSettings = {
				ALWAYS_SEARCH_USER_PATHS = NO;
				ASSETCATALOG_COMPILER_GENERATE_SWIFT_ASSET_SYMBOL_EXTENSIONS = YES;
				CLANG_ANALYZER_NONNULL = YES;
				CLANG_ANALYZER_NUMBER_OBJECT_CONVERSION = YES_AGGRESSIVE;
				CLANG_CXX_LANGUAGE_STANDARD = "gnu++20";
				CLANG_ENABLE_MODULES = YES;
				CLANG_ENABLE_OBJC_ARC = YES;
				CLANG_ENABLE_OBJC_WEAK = YES;
				CLANG_WARN_BLOCK_CAPTURE_AUTORELEASING = YES;
				CLANG_WARN_BOOL_CONVERSION = YES;
				CLANG_WARN_COMMA = YES;
				CLANG_WARN_CONSTANT_CONVERSION = YES;
				CLANG_WARN_DEPRECATED_OBJC_IMPLEMENTATIONS = YES;
				CLANG_WARN_DIRECT_OBJC_ISA_USAGE = YES_ERROR;
				CLANG_WARN_DOCUMENTATION_COMMENTS = YES;
				CLANG_WARN_EMPTY_BODY = YES;
				CLANG_WARN_ENUM_CONVERSION = YES;
				CLANG_WARN_INFINITE_RECURSION = YES;
				CLANG_WARN_INT_CONVERSION = YES;
				CLANG_WARN_NON_LITERAL_NULL_CONVERSION = YES;
				CLANG_WARN_OBJC_IMPLICIT_RETAIN_SELF = YES;
				CLANG_WARN_OBJC_LITERAL_CONVERSION = YES;
				CLANG_WARN_OBJC_ROOT_CLASS = YES_ERROR;
				CLANG_WARN_QUOTED_INCLUDE_IN_FRAMEWORK_HEADER = YES;
				CLANG_WARN_RANGE_LOOP_ANALYSIS = YES;
				CLANG_WARN_STRICT_PROTOTYPES = YES;
				CLANG_WARN_SUSPICIOUS_MOVE = YES;
				CLANG_WARN_UNGUARDED_AVAILABILITY = YES_AGGRESSIVE;
				CLANG_WARN_UNREACHABLE_CODE = YES;
				CLANG_WARN__DUPLICATE_METHOD_MATCH = YES;
				COPY_PHASE_STRIP = NO;
				DEBUG_INFORMATION_FORMAT = "dwarf-with-dsym";
				ENABLE_NS_ASSERTIONS = NO;
				ENABLE_STRICT_OBJC_MSGSEND = YES;
				ENABLE_USER_SCRIPT_SANDBOXING = YES;
				GCC_C_LANGUAGE_STANDARD = gnu17;
				GCC_NO_COMMON_BLOCKS = YES;
				GCC_WARN_64_TO_32_BIT_CONVERSION = YES;
				GCC_WARN_ABOUT_RETURN_TYPE = YES_ERROR;
				GCC_WARN_UNDECLARED_SELECTOR = YES;
				GCC_WARN_UNINITIALIZED_AUTOS = YES_AGGRESSIVE;
				GCC_WARN_UNUSED_FUNCTION = YES;
				GCC_WARN_UNUSED_VARIABLE = YES;
				IPHONEOS_DEPLOYMENT_TARGET = 18.2;
				LOCALIZATION_PREFERS_STRING_CATALOGS = YES;
				MTL_ENABLE_DEBUG_INFO = NO;
				MTL_FAST_MATH = YES;
				SDKROOT = iphoneos;
				SWIFT_COMPILATION_MODE = wholemodule;
				VALIDATE_PRODUCT = YES;
			};
			name = Release;
		};
		392FD8DE2DCFEFBD006E8F66 /* Debug */ = {
			isa = XCBuildConfiguration;
			buildSettings = {
				ASSETCATALOG_COMPILER_APPICON_NAME = AppIcon;
				ASSETCATALOG_COMPILER_GLOBAL_ACCENT_COLOR_NAME = AccentColor;
				CODE_SIGN_STYLE = Automatic;
				CURRENT_PROJECT_VERSION = 1;
				DEVELOPMENT_ASSET_PATHS = "\"PhotoClean/Preview Content\"";
				DEVELOPMENT_TEAM = A4YA8NU8Y8;
				ENABLE_PREVIEWS = YES;
				GENERATE_INFOPLIST_FILE = YES;
				INFOPLIST_FILE = PhotoClean/Info.plist;
				INFOPLIST_KEY_NSPhotoLibraryAddUsageDescription = "This app needs permission to modify your photo library, including deleting photos uwu please send :))).";
				INFOPLIST_KEY_NSPhotoLibraryUsageDescription = "This app requires access to your photo library to read photos please :)))";
				INFOPLIST_KEY_UIApplicationSceneManifest_Generation = YES;
				INFOPLIST_KEY_UIApplicationSupportsIndirectInputEvents = YES;
				INFOPLIST_KEY_UILaunchScreen_Generation = YES;
				INFOPLIST_KEY_UISupportedInterfaceOrientations_iPad = "UIInterfaceOrientationPortrait UIInterfaceOrientationPortraitUpsideDown UIInterfaceOrientationLandscapeLeft UIInterfaceOrientationLandscapeRight";
				INFOPLIST_KEY_UISupportedInterfaceOrientations_iPhone = "UIInterfaceOrientationPortrait UIInterfaceOrientationLandscapeLeft UIInterfaceOrientationLandscapeRight";
				LD_RUNPATH_SEARCH_PATHS = (
					"$(inherited)",
					"@executable_path/Frameworks",
				);
				MARKETING_VERSION = 1.0;
				PRODUCT_BUNDLE_IDENTIFIER = f.PhotoClean;
				PRODUCT_NAME = "$(TARGET_NAME)";
				SWIFT_EMIT_LOC_STRINGS = YES;
				SWIFT_VERSION = 5.0;
				TARGETED_DEVICE_FAMILY = "1,2";
			};
			name = Debug;
		};
		392FD8DF2DCFEFBD006E8F66 /* Release */ = {
			isa = XCBuildConfiguration;
			buildSettings = {
				ASSETCATALOG_COMPILER_APPICON_NAME = AppIcon;
				ASSETCATALOG_COMPILER_GLOBAL_ACCENT_COLOR_NAME = AccentColor;
				CODE_SIGN_STYLE = Automatic;
				CURRENT_PROJECT_VERSION = 1;
				DEVELOPMENT_ASSET_PATHS = "\"PhotoClean/Preview Content\"";
				DEVELOPMENT_TEAM = A4YA8NU8Y8;
				ENABLE_PREVIEWS = YES;
				GENERATE_INFOPLIST_FILE = YES;
				INFOPLIST_FILE = PhotoClean/Info.plist;
				INFOPLIST_KEY_NSPhotoLibraryAddUsageDescription = "This app needs permission to modify your photo library, including deleting photos uwu please send :))).";
				INFOPLIST_KEY_NSPhotoLibraryUsageDescription = "This app requires access to your photo library to read photos please :)))";
				INFOPLIST_KEY_UIApplicationSceneManifest_Generation = YES;
				INFOPLIST_KEY_UIApplicationSupportsIndirectInputEvents = YES;
				INFOPLIST_KEY_UILaunchScreen_Generation = YES;
				INFOPLIST_KEY_UISupportedInterfaceOrientations_iPad = "UIInterfaceOrientationPortrait UIInterfaceOrientationPortraitUpsideDown UIInterfaceOrientationLandscapeLeft UIInterfaceOrientationLandscapeRight";
				INFOPLIST_KEY_UISupportedInterfaceOrientations_iPhone = "UIInterfaceOrientationPortrait UIInterfaceOrientationLandscapeLeft UIInterfaceOrientationLandscapeRight";
				LD_RUNPATH_SEARCH_PATHS = (
					"$(inherited)",
					"@executable_path/Frameworks",
				);
				MARKETING_VERSION = 1.0;
				PRODUCT_BUNDLE_IDENTIFIER = f.PhotoClean;
				PRODUCT_NAME = "$(TARGET_NAME)";
				SWIFT_EMIT_LOC_STRINGS = YES;
				SWIFT_VERSION = 5.0;
				TARGETED_DEVICE_FAMILY = "1,2";
			};
			name = Release;
		};
		392FD8E12DCFEFBD006E8F66 /* Debug */ = {
			isa = XCBuildConfiguration;
			buildSettings = {
				BUNDLE_LOADER = "$(TEST_HOST)";
				CODE_SIGN_STYLE = Automatic;
				CURRENT_PROJECT_VERSION = 1;
				GENERATE_INFOPLIST_FILE = YES;
				IPHONEOS_DEPLOYMENT_TARGET = 18.2;
				MARKETING_VERSION = 1.0;
				PRODUCT_BUNDLE_IDENTIFIER = f.PhotoCleanTests;
				PRODUCT_NAME = "$(TARGET_NAME)";
				SWIFT_EMIT_LOC_STRINGS = NO;
				SWIFT_VERSION = 5.0;
				TARGETED_DEVICE_FAMILY = "1,2";
				TEST_HOST = "$(BUILT_PRODUCTS_DIR)/PhotoClean.app/$(BUNDLE_EXECUTABLE_FOLDER_PATH)/PhotoClean";
			};
			name = Debug;
		};
		392FD8E22DCFEFBD006E8F66 /* Release */ = {
			isa = XCBuildConfiguration;
			buildSettings = {
				BUNDLE_LOADER = "$(TEST_HOST)";
				CODE_SIGN_STYLE = Automatic;
				CURRENT_PROJECT_VERSION = 1;
				GENERATE_INFOPLIST_FILE = YES;
				IPHONEOS_DEPLOYMENT_TARGET = 18.2;
				MARKETING_VERSION = 1.0;
				PRODUCT_BUNDLE_IDENTIFIER = f.PhotoCleanTests;
				PRODUCT_NAME = "$(TARGET_NAME)";
				SWIFT_EMIT_LOC_STRINGS = NO;
				SWIFT_VERSION = 5.0;
				TARGETED_DEVICE_FAMILY = "1,2";
				TEST_HOST = "$(BUILT_PRODUCTS_DIR)/PhotoClean.app/$(BUNDLE_EXECUTABLE_FOLDER_PATH)/PhotoClean";
			};
			name = Release;
		};
		392FD8E42DCFEFBD006E8F66 /* Debug */ = {
			isa = XCBuildConfiguration;
			buildSettings = {
				CODE_SIGN_STYLE = Automatic;
				CURRENT_PROJECT_VERSION = 1;
				GENERATE_INFOPLIST_FILE = YES;
				MARKETING_VERSION = 1.0;
				PRODUCT_BUNDLE_IDENTIFIER = f.PhotoCleanUITests;
				PRODUCT_NAME = "$(TARGET_NAME)";
				SWIFT_EMIT_LOC_STRINGS = NO;
				SWIFT_VERSION = 5.0;
				TARGETED_DEVICE_FAMILY = "1,2";
				TEST_TARGET_NAME = PhotoClean;
			};
			name = Debug;
		};
		392FD8E52DCFEFBD006E8F66 /* Release */ = {
			isa = XCBuildConfiguration;
			buildSettings = {
				CODE_SIGN_STYLE = Automatic;
				CURRENT_PROJECT_VERSION = 1;
				GENERATE_INFOPLIST_FILE = YES;
				MARKETING_VERSION = 1.0;
				PRODUCT_BUNDLE_IDENTIFIER = f.PhotoCleanUITests;
				PRODUCT_NAME = "$(TARGET_NAME)";
				SWIFT_EMIT_LOC_STRINGS = NO;
				SWIFT_VERSION = 5.0;
				TARGETED_DEVICE_FAMILY = "1,2";
				TEST_TARGET_NAME = PhotoClean;
			};
			name = Release;
		};
/* End XCBuildConfiguration section */

/* Begin XCConfigurationList section */
		392FD8B42DCFEFBC006E8F66 /* Build configuration list for PBXProject "PhotoClean" */ = {
			isa = XCConfigurationList;
			buildConfigurations = (
				392FD8DB2DCFEFBD006E8F66 /* Debug */,
				392FD8DC2DCFEFBD006E8F66 /* Release */,
			);
			defaultConfigurationIsVisible = 0;
			defaultConfigurationName = Release;
		};
		392FD8DD2DCFEFBD006E8F66 /* Build configuration list for PBXNativeTarget "PhotoClean" */ = {
			isa = XCConfigurationList;
			buildConfigurations = (
				392FD8DE2DCFEFBD006E8F66 /* Debug */,
				392FD8DF2DCFEFBD006E8F66 /* Release */,
			);
			defaultConfigurationIsVisible = 0;
			defaultConfigurationName = Release;
		};
		392FD8E02DCFEFBD006E8F66 /* Build configuration list for PBXNativeTarget "PhotoCleanTests" */ = {
			isa = XCConfigurationList;
			buildConfigurations = (
				392FD8E12DCFEFBD006E8F66 /* Debug */,
				392FD8E22DCFEFBD006E8F66 /* Release */,
			);
			defaultConfigurationIsVisible = 0;
			defaultConfigurationName = Release;
		};
		392FD8E32DCFEFBD006E8F66 /* Build configuration list for PBXNativeTarget "PhotoCleanUITests" */ = {
			isa = XCConfigurationList;
			buildConfigurations = (
				392FD8E42DCFEFBD006E8F66 /* Debug */,
				392FD8E52DCFEFBD006E8F66 /* Release */,
			);
			defaultConfigurationIsVisible = 0;
			defaultConfigurationName = Release;
		};
/* End XCConfigurationList section */
	};
	rootObject = 392FD8B12DCFEFBC006E8F66 /* Project object */;
}
